
Microsoft Visual Studio Solution File, Format Version 12.00
# Visual Studio 15
VisualStudioVersion = 15.0.27004.2005
MinimumVisualStudioVersion = 10.0.40219.1
Project("{FAE04EC0-301F-11D3-BF4B-00C04F79EFBC}") = "Day7(Tanks)", "Day7(Tanks)\Day7(Tanks).csproj", "{AC69437D-FBD8-411E-9648-34D10B767640}"
EndProject
Project("{FAE04EC0-301F-11D3-BF4B-00C04F79EFBC}") = "MyClassLibrary", "MyClassLibrary\MyClassLibrary.csproj", "{650C093F-8E3A-44D1-9963-30B572956982}"
EndProject
Global
	GlobalSection(SolutionConfigurationPlatforms) = preSolution
		Debug|Any CPU = Debug|Any CPU
		Release|Any CPU = Release|Any CPU
	EndGlobalSection
	GlobalSection(ProjectConfigurationPlatforms) = postSolution
		{AC69437D-FBD8-411E-9648-34D10B767640}.Debug|Any CPU.ActiveCfg = Debug|Any CPU
		{AC69437D-FBD8-411E-9648-34D10B767640}.Debug|Any CPU.Build.0 = Debug|Any CPU
		{AC69437D-FBD8-411E-9648-34D10B767640}.Release|Any CPU.ActiveCfg = Release|Any CPU
		{AC69437D-FBD8-411E-9648-34D10B767640}.Release|Any CPU.Build.0 = Release|Any CPU
		{650C093F-8E3A-44D1-9963-30B572956982}.Debug|Any CPU.ActiveCfg = Debug|Any CPU
		{650C093F-8E3A-44D1-9963-30B572956982}.Debug|Any CPU.Build.0 = Debug|Any CPU
		{650C093F-8E3A-44D1-9963-30B572956982}.Release|Any CPU.ActiveCfg = Release|Any CPU
		{650C093F-8E3A-44D1-9963-30B572956982}.Release|Any CPU.Build.0 = Release|Any CPU
	EndGlobalSection
	GlobalSection(SolutionProperties) = preSolution
		HideSolutionNode = FALSE
	EndGlobalSection
	GlobalSection(ExtensibilityGlobals) = postSolution
		SolutionGuid = {92C414DF-812E-4A59-B184-13D946D20FCE}
	EndGlobalSection
EndGlobal
